
Microsoft Visual Studio Solution File, Format Version 12.00
# Visual Studio Version 16
VisualStudioVersion = 16.0.33529.622
MinimumVisualStudioVersion = 10.0.40219.1
Project("{FAE04EC0-301F-11D3-BF4B-00C04F79EFBC}") = "TryCatchConsoleApp", "TryCatchConsoleApp\TryCatchConsoleApp.csproj", "{F508BE70-FC20-4F0D-A957-9F5866772E01}"
EndProject
Global
	GlobalSection(SolutionConfigurationPlatforms) = preSolution
		Debug|Any CPU = Debug|Any CPU
		Release|Any CPU = Release|Any CPU
	EndGlobalSection
	GlobalSection(ProjectConfigurationPlatforms) = postSolution
		{F508BE70-FC20-4F0D-A957-9F5866772E01}.Debug|Any CPU.ActiveCfg = Debug|Any CPU
		{F508BE70-FC20-4F0D-A957-9F5866772E01}.Debug|Any CPU.Build.0 = Debug|Any CPU
		{F508BE70-FC20-4F0D-A957-9F5866772E01}.Release|Any CPU.ActiveCfg = Release|Any CPU
		{F508BE70-FC20-4F0D-A957-9F5866772E01}.Release|Any CPU.Build.0 = Release|Any CPU
	EndGlobalSection
	GlobalSection(SolutionProperties) = preSolution
		HideSolutionNode = FALSE
	EndGlobalSection
	GlobalSection(ExtensibilityGlobals) = postSolution
		SolutionGuid = {0B33A8A4-EE8D-4D56-9941-F35D26DE116E}
	EndGlobalSection
EndGlobal
